{
  "name": "portablegit",
  "version": "2.43.0+2.43.0.windows.1",
  "lockfileVersion": 3,
  "requires": true,
  "packages": {
    "": {
      "name": "portablegit",
      "version": "2.43.0+2.43.0.windows.1",
      "cpu": [
        "x64"
      ],
      "hasInstallScript": true,
      "os": ["win32", 
        "win32"
      ],
      "bin": {
        "bash": "out/portablegit/bin/bash.exe",
        "git": "out/portablegit/bin/git.exe",
        "git-bash": "out/portablegit/git-bash.exe",
        "git-cmd": "out/portablegit/git-cmd.exe",
        "sh": "out/portablegit/bin/sh.exe"
      }
    }
  }
}
